
Microsoft Visual Studio Solution File, Format Version 12.00
# Visual Studio Version 16
VisualStudioVersion = 16.0.31605.320
MinimumVisualStudioVersion = 10.0.40219.1
Project("{FAE04EC0-301F-11D3-BF4B-00C04F79EFBC}") = "ExercicioURI1012", "ExercicioURI1012\ExercicioURI1012.csproj", "{8125AD51-0003-42B9-81E2-64040F8CCC3E}"
EndProject
Global
	GlobalSection(SolutionConfigurationPlatforms) = preSolution
		Debug|Any CPU = Debug|Any CPU
		Release|Any CPU = Release|Any CPU
	EndGlobalSection
	GlobalSection(ProjectConfigurationPlatforms) = postSolution
		{8125AD51-0003-42B9-81E2-64040F8CCC3E}.Debug|Any CPU.ActiveCfg = Debug|Any CPU
		{8125AD51-0003-42B9-81E2-64040F8CCC3E}.Debug|Any CPU.Build.0 = Debug|Any CPU
		{8125AD51-0003-42B9-81E2-64040F8CCC3E}.Release|Any CPU.ActiveCfg = Release|Any CPU
		{8125AD51-0003-42B9-81E2-64040F8CCC3E}.Release|Any CPU.Build.0 = Release|Any CPU
	EndGlobalSection
	GlobalSection(SolutionProperties) = preSolution
		HideSolutionNode = FALSE
	EndGlobalSection
	GlobalSection(ExtensibilityGlobals) = postSolution
		SolutionGuid = {0D4B5CA2-70FD-44B9-BED6-940F897D6491}
	EndGlobalSection
EndGlobal
